
Microsoft Visual Studio Solution File, Format Version 12.00
# Visual Studio 2012
Project("{FAE04EC0-301F-11D3-BF4B-00C04F79EFBC}") = "CustomPageSegmentedControl", "CustomPageSegmentedControl\CustomPageSegmentedControl.csproj", "{401C21A9-C054-4161-9F6A-0B0512357FB4}"
EndProject
Project("{FAE04EC0-301F-11D3-BF4B-00C04F79EFBC}") = "Sample", "Sample\Sample.csproj", "{45BE8DC5-2A92-4897-AF27-87C2DC1D427A}"
EndProject
Global
	GlobalSection(SolutionConfigurationPlatforms) = preSolution
		Debug|Any CPU = Debug|Any CPU
		Release|Any CPU = Release|Any CPU
		Debug|iPhoneSimulator = Debug|iPhoneSimulator
		Release|iPhone = Release|iPhone
		Release|iPhoneSimulator = Release|iPhoneSimulator
		Debug|iPhone = Debug|iPhone
	EndGlobalSection
	GlobalSection(ProjectConfigurationPlatforms) = postSolution
		{401C21A9-C054-4161-9F6A-0B0512357FB4}.Debug|Any CPU.ActiveCfg = Debug|Any CPU
		{401C21A9-C054-4161-9F6A-0B0512357FB4}.Debug|Any CPU.Build.0 = Debug|Any CPU
		{401C21A9-C054-4161-9F6A-0B0512357FB4}.Release|Any CPU.ActiveCfg = Release|Any CPU
		{401C21A9-C054-4161-9F6A-0B0512357FB4}.Release|Any CPU.Build.0 = Release|Any CPU
		{401C21A9-C054-4161-9F6A-0B0512357FB4}.Debug|iPhoneSimulator.ActiveCfg = Debug|Any CPU
		{401C21A9-C054-4161-9F6A-0B0512357FB4}.Debug|iPhoneSimulator.Build.0 = Debug|Any CPU
		{401C21A9-C054-4161-9F6A-0B0512357FB4}.Release|iPhone.ActiveCfg = Release|Any CPU
		{401C21A9-C054-4161-9F6A-0B0512357FB4}.Release|iPhone.Build.0 = Release|Any CPU
		{401C21A9-C054-4161-9F6A-0B0512357FB4}.Release|iPhoneSimulator.ActiveCfg = Release|Any CPU
		{401C21A9-C054-4161-9F6A-0B0512357FB4}.Release|iPhoneSimulator.Build.0 = Release|Any CPU
		{401C21A9-C054-4161-9F6A-0B0512357FB4}.Debug|iPhone.ActiveCfg = Debug|Any CPU
		{401C21A9-C054-4161-9F6A-0B0512357FB4}.Debug|iPhone.Build.0 = Debug|Any CPU
		{45BE8DC5-2A92-4897-AF27-87C2DC1D427A}.Debug|Any CPU.ActiveCfg = Debug|iPhoneSimulator
		{45BE8DC5-2A92-4897-AF27-87C2DC1D427A}.Debug|Any CPU.Build.0 = Debug|iPhoneSimulator
		{45BE8DC5-2A92-4897-AF27-87C2DC1D427A}.Release|Any CPU.ActiveCfg = Release|iPhone
		{45BE8DC5-2A92-4897-AF27-87C2DC1D427A}.Release|Any CPU.Build.0 = Release|iPhone
		{45BE8DC5-2A92-4897-AF27-87C2DC1D427A}.Debug|iPhoneSimulator.ActiveCfg = Debug|iPhoneSimulator
		{45BE8DC5-2A92-4897-AF27-87C2DC1D427A}.Debug|iPhoneSimulator.Build.0 = Debug|iPhoneSimulator
		{45BE8DC5-2A92-4897-AF27-87C2DC1D427A}.Release|iPhone.ActiveCfg = Release|iPhone
		{45BE8DC5-2A92-4897-AF27-87C2DC1D427A}.Release|iPhone.Build.0 = Release|iPhone
		{45BE8DC5-2A92-4897-AF27-87C2DC1D427A}.Release|iPhoneSimulator.ActiveCfg = Release|iPhoneSimulator
		{45BE8DC5-2A92-4897-AF27-87C2DC1D427A}.Release|iPhoneSimulator.Build.0 = Release|iPhoneSimulator
		{45BE8DC5-2A92-4897-AF27-87C2DC1D427A}.Debug|iPhone.ActiveCfg = Debug|iPhone
		{45BE8DC5-2A92-4897-AF27-87C2DC1D427A}.Debug|iPhone.Build.0 = Debug|iPhone
	EndGlobalSection
EndGlobal
